// !$*UTF8*$!
{
	archiveVersion = 1;
	classes = {
	};
	objectVersion = 46;
	objects = {

/* Begin PBXBuildFile section */
		8D211937150C40D60005DAC1 /* myRepeat_blue.png in Resources */ = {isa = PBXBuildFile; fileRef = 8D211934150C40D60005DAC1 /* myRepeat_blue.png */; };
		8D211939150C40D60005DAC1 /* myRepeatOne.png in Resources */ = {isa = PBXBuildFile; fileRef = 8D211936150C40D60005DAC1 /* myRepeatOne.png */; };
		8D21193C150C40F30005DAC1 /* myShuffle_blue.png in Resources */ = {isa = PBXBuildFile; fileRef = 8D21193A150C40F30005DAC1 /* myShuffle_blue.png */; };
		8D21193D150C40F30005DAC1 /* myShuffle_white.png in Resources */ = {isa = PBXBuildFile; fileRef = 8D21193B150C40F30005DAC1 /* myShuffle_white.png */; };
		8D211942150C531B0005DAC1 /* myDislike_blue.png in Resources */ = {isa = PBXBuildFile; fileRef = 8D21193E150C531B0005DAC1 /* myDislike_blue.png */; };
		8D211943150C531B0005DAC1 /* myDislike_white.png in Resources */ = {isa = PBXBuildFile; fileRef = 8D21193F150C531B0005DAC1 /* myDislike_white.png */; };
		8D211944150C531B0005DAC1 /* myLike_blue.png in Resources */ = {isa = PBXBuildFile; fileRef = 8D211940150C531B0005DAC1 /* myLike_blue.png */; };
		8D211945150C531B0005DAC1 /* myLike_white.png in Resources */ = {isa = PBXBuildFile; fileRef = 8D211941150C531B0005DAC1 /* myLike_white.png */; };
		8D211948150D22CB0005DAC1 /* CustomAnnotationView.m in Sources */ = {isa = PBXBuildFile; fileRef = 8D211947150D22CB0005DAC1 /* CustomAnnotationView.m */; };
		8D21194A150D2F4E0005DAC1 /* singleNote.png in Resources */ = {isa = PBXBuildFile; fileRef = 8D211949150D2F4E0005DAC1 /* singleNote.png */; };
		8D211955150D6D3D0005DAC1 /* pinGreen_2x.png in Resources */ = {isa = PBXBuildFile; fileRef = 8D21194F150D6D3D0005DAC1 /* pinGreen_2x.png */; };
		8D211956150D6D3D0005DAC1 /* pinGreen.png in Resources */ = {isa = PBXBuildFile; fileRef = 8D211950150D6D3D0005DAC1 /* pinGreen.png */; };
		8D211957150D6D3D0005DAC1 /* pinPurple_x2.png in Resources */ = {isa = PBXBuildFile; fileRef = 8D211951150D6D3D0005DAC1 /* pinPurple_x2.png */; };
		8D211958150D6D3D0005DAC1 /* pinPurple.png in Resources */ = {isa = PBXBuildFile; fileRef = 8D211952150D6D3D0005DAC1 /* pinPurple.png */; };
		8D211959150D6D3D0005DAC1 /* pinRed_2x.png in Resources */ = {isa = PBXBuildFile; fileRef = 8D211953150D6D3D0005DAC1 /* pinRed_2x.png */; };
		8D21195A150D6D3D0005DAC1 /* pinRed.png in Resources */ = {isa = PBXBuildFile; fileRef = 8D211954150D6D3D0005DAC1 /* pinRed.png */; };
		8D2E4C711540131500A43EAB /* BirthdayViewController.m in Sources */ = {isa = PBXBuildFile; fileRef = 8D2E4C6F1540131500A43EAB /* BirthdayViewController.m */; };
		8D2E4C721540131500A43EAB /* BirthdayViewController.xib in Resources */ = {isa = PBXBuildFile; fileRef = 8D2E4C701540131500A43EAB /* BirthdayViewController.xib */; };
		8D2E4C7615401F9100A43EAB /* SexViewController.m in Sources */ = {isa = PBXBuildFile; fileRef = 8D2E4C7415401F9100A43EAB /* SexViewController.m */; };
		8D2E4C7715401F9100A43EAB /* SexViewController.xib in Resources */ = {isa = PBXBuildFile; fileRef = 8D2E4C7515401F9100A43EAB /* SexViewController.xib */; };
		8D2E4CA215412B6E00A43EAB /* GenreViewController.m in Sources */ = {isa = PBXBuildFile; fileRef = 8D2E4CA015412B6D00A43EAB /* GenreViewController.m */; };
		8D2E4CA315412B6E00A43EAB /* GenreViewController.xib in Resources */ = {isa = PBXBuildFile; fileRef = 8D2E4CA115412B6E00A43EAB /* GenreViewController.xib */; };
		8D2E4CA715412B8B00A43EAB /* SceneViewController.m in Sources */ = {isa = PBXBuildFile; fileRef = 8D2E4CA515412B8B00A43EAB /* SceneViewController.m */; };
		8D2E4CA815412B8B00A43EAB /* SceneViewController.xib in Resources */ = {isa = PBXBuildFile; fileRef = 8D2E4CA615412B8B00A43EAB /* SceneViewController.xib */; };
		8D4E7D871533A21000D07396 /* 14-gear.png in Resources */ = {isa = PBXBuildFile; fileRef = 8D4E7D861533A21000D07396 /* 14-gear.png */; };
		8D4E7D941533A44300D07396 /* SettingViewController.m in Sources */ = {isa = PBXBuildFile; fileRef = 8D4E7D921533A44300D07396 /* SettingViewController.m */; };
		8D4E7D951533A44300D07396 /* SettingViewController.xib in Resources */ = {isa = PBXBuildFile; fileRef = 8D4E7D931533A44300D07396 /* SettingViewController.xib */; };
		8D5820AF150FDD510065DCDA /* myRepeat_white.png in Resources */ = {isa = PBXBuildFile; fileRef = 8D5820AE150FDD510065DCDA /* myRepeat_white.png */; };
		8D5820B2150FE8110065DCDA /* AlbumViewController.m in Sources */ = {isa = PBXBuildFile; fileRef = 8D5820B1150FE8110065DCDA /* AlbumViewController.m */; };
		8D5820B4150FE8200065DCDA /* AlbumViewController.xib in Resources */ = {isa = PBXBuildFile; fileRef = 8D5820B3150FE8200065DCDA /* AlbumViewController.xib */; };
		8DA5CF76150BBFEF00CF90CE /* myRepeat_blue_01.png in Resources */ = {isa = PBXBuildFile; fileRef = 8DA5CF73150BBFEF00CF90CE /* myRepeat_blue_01.png */; };
		8DA5CF77150BBFEF00CF90CE /* myRepeat_blue_02.png in Resources */ = {isa = PBXBuildFile; fileRef = 8DA5CF74150BBFEF00CF90CE /* myRepeat_blue_02.png */; };
		8DA5CF78150BBFEF00CF90CE /* myRepeat_white.png in Resources */ = {isa = PBXBuildFile; fileRef = 8DA5CF75150BBFEF00CF90CE /* myRepeat_white.png */; };
		8DA5CF80150BEF7900CF90CE /* 05-shuffle@2x.png in Resources */ = {isa = PBXBuildFile; fileRef = 8DA5CF7F150BEF7900CF90CE /* 05-shuffle@2x.png */; };
		8DE97C99150688EB00154D2F /* UIKit.framework in Frameworks */ = {isa = PBXBuildFile; fileRef = 8DE97C98150688EB00154D2F /* UIKit.framework */; };
		8DE97C9B150688EB00154D2F /* Foundation.framework in Frameworks */ = {isa = PBXBuildFile; fileRef = 8DE97C9A150688EB00154D2F /* Foundation.framework */; };
		8DE97C9D150688EB00154D2F /* CoreGraphics.framework in Frameworks */ = {isa = PBXBuildFile; fileRef = 8DE97C9C150688EB00154D2F /* CoreGraphics.framework */; };
		8DE97CA3150688EB00154D2F /* InfoPlist.strings in Resources */ = {isa = PBXBuildFile; fileRef = 8DE97CA1150688EB00154D2F /* InfoPlist.strings */; };
		8DE97CA5150688EB00154D2F /* main.m in Sources */ = {isa = PBXBuildFile; fileRef = 8DE97CA4150688EB00154D2F /* main.m */; };
		8DE97CA9150688EB00154D2F /* Music_EarthAppDelegate.m in Sources */ = {isa = PBXBuildFile; fileRef = 8DE97CA8150688EB00154D2F /* Music_EarthAppDelegate.m */; };
		8DE97CAC150688EB00154D2F /* MainStoryboard.storyboard in Resources */ = {isa = PBXBuildFile; fileRef = 8DE97CAA150688EB00154D2F /* MainStoryboard.storyboard */; };
		8DE97CAF150688EB00154D2F /* Music_EarthViewController.m in Sources */ = {isa = PBXBuildFile; fileRef = 8DE97CAE150688EB00154D2F /* Music_EarthViewController.m */; };
		8DE97CBA15068A9800154D2F /* CoreLocation.framework in Frameworks */ = {isa = PBXBuildFile; fileRef = 8DE97CB915068A9800154D2F /* CoreLocation.framework */; };
		8DE97CBC15068AA100154D2F /* MapKit.framework in Frameworks */ = {isa = PBXBuildFile; fileRef = 8DE97CBB15068AA100154D2F /* MapKit.framework */; };
		8DE97CBE15068AB500154D2F /* MediaPlayer.framework in Frameworks */ = {isa = PBXBuildFile; fileRef = 8DE97CBD15068AB500154D2F /* MediaPlayer.framework */; };
		8DE97CC0150691BB00154D2F /* 193-location-arrow.png in Resources */ = {isa = PBXBuildFile; fileRef = 8DE97CBF150691BB00154D2F /* 193-location-arrow.png */; };
		8DE97CC21506926200154D2F /* music_2@2x_grey_50x50.png in Resources */ = {isa = PBXBuildFile; fileRef = 8DE97CC11506926200154D2F /* music_2@2x_grey_50x50.png */; };
		8DE97CC4150693EE00154D2F /* thumbs_up.png in Resources */ = {isa = PBXBuildFile; fileRef = 8DE97CC3150693EE00154D2F /* thumbs_up.png */; };
		8DE97CC61506942500154D2F /* back_x2.png in Resources */ = {isa = PBXBuildFile; fileRef = 8DE97CC51506942500154D2F /* back_x2.png */; };
		8DE97CC81506947500154D2F /* pause_x2.png in Resources */ = {isa = PBXBuildFile; fileRef = 8DE97CC71506947500154D2F /* pause_x2.png */; };
		8DE97CCA150694BB00154D2F /* play_x2.png in Resources */ = {isa = PBXBuildFile; fileRef = 8DE97CC9150694BB00154D2F /* play_x2.png */; };
		8DE97CCC1506950600154D2F /* next_x2.png in Resources */ = {isa = PBXBuildFile; fileRef = 8DE97CCB1506950600154D2F /* next_x2.png */; };
		8DE97CCE1506954900154D2F /* thumbs_down.png in Resources */ = {isa = PBXBuildFile; fileRef = 8DE97CCD1506954900154D2F /* thumbs_down.png */; };
		8DE97CD81506AC0D00154D2F /* SimpleAnnotation.m in Sources */ = {isa = PBXBuildFile; fileRef = 8DE97CD71506AC0D00154D2F /* SimpleAnnotation.m */; };
		8DE97CDE1506BD4A00154D2F /* myCircle.png in Resources */ = {isa = PBXBuildFile; fileRef = 8DE97CDD1506BD4A00154D2F /* myCircle.png */; };
		8DE97CE01506BF1F00154D2F /* myCircleLine.png in Resources */ = {isa = PBXBuildFile; fileRef = 8DE97CDF1506BF1F00154D2F /* myCircleLine.png */; };
		8DE97CE21506C07600154D2F /* 193-location-arrow@2x.png in Resources */ = {isa = PBXBuildFile; fileRef = 8DE97CE11506C07600154D2F /* 193-location-arrow@2x.png */; };
		8DE97CE41506C12500154D2F /* myCircleLine2.png in Resources */ = {isa = PBXBuildFile; fileRef = 8DE97CE31506C12500154D2F /* myCircleLine2.png */; };
		8DE97CE61506C56600154D2F /* Default@2x.png in Resources */ = {isa = PBXBuildFile; fileRef = 8DE97CE51506C56600154D2F /* Default@2x.png */; };
		8DE97CE81506C69200154D2F /* MusicEarth4iPhoneRetinaBlack.png in Resources */ = {isa = PBXBuildFile; fileRef = 8DE97CE71506C69200154D2F /* MusicEarth4iPhoneRetinaBlack.png */; };
		8DE97CEA1506C7DB00154D2F /* Default.png in Resources */ = {isa = PBXBuildFile; fileRef = 8DE97CE91506C7DB00154D2F /* Default.png */; };
		8DE97CEC1506C81100154D2F /* MusicEarth4iPhoneNotRetinaBlack.png in Resources */ = {isa = PBXBuildFile; fileRef = 8DE97CEB1506C81100154D2F /* MusicEarth4iPhoneNotRetinaBlack.png */; };
		8DEB8DBC1532383C00C10978 /* AudioToolbox.framework in Frameworks */ = {isa = PBXBuildFile; fileRef = 8DEB8DBB1532383C00C10978 /* AudioToolbox.framework */; };
		8DEB8DC815325A9100C10978 /* 10-microphone@2x.png in Resources */ = {isa = PBXBuildFile; fileRef = 8DEB8DC715325A9000C10978 /* 10-microphone@2x.png */; };
		8DEB8DF115339F7700C10978 /* 10-microphone@2x_highlight.png in Resources */ = {isa = PBXBuildFile; fileRef = 8DEB8DF015339F7700C10978 /* 10-microphone@2x_highlight.png */; };
		8DEB8DF315339FD200C10978 /* 14-gear@2x.png in Resources */ = {isa = PBXBuildFile; fileRef = 8DEB8DF215339FD100C10978 /* 14-gear@2x.png */; };
/* End PBXBuildFile section */

/* Begin PBXFileReference section */
		8D211934150C40D60005DAC1 /* myRepeat_blue.png */ = {isa = PBXFileReference; lastKnownFileType = image.png; path = myRepeat_blue.png; sourceTree = "<group>"; };
		8D211936150C40D60005DAC1 /* myRepeatOne.png */ = {isa = PBXFileReference; lastKnownFileType = image.png; path = myRepeatOne.png; sourceTree = "<group>"; };
		8D21193A150C40F30005DAC1 /* myShuffle_blue.png */ = {isa = PBXFileReference; lastKnownFileType = image.png; path = myShuffle_blue.png; sourceTree = "<group>"; };
		8D21193B150C40F30005DAC1 /* myShuffle_white.png */ = {isa = PBXFileReference; lastKnownFileType = image.png; path = myShuffle_white.png; sourceTree = "<group>"; };
		8D21193E150C531B0005DAC1 /* myDislike_blue.png */ = {isa = PBXFileReference; lastKnownFileType = image.png; path = myDislike_blue.png; sourceTree = "<group>"; };
		8D21193F150C531B0005DAC1 /* myDislike_white.png */ = {isa = PBXFileReference; lastKnownFileType = image.png; path = myDislike_white.png; sourceTree = "<group>"; };
		8D211940150C531B0005DAC1 /* myLike_blue.png */ = {isa = PBXFileReference; lastKnownFileType = image.png; path = myLike_blue.png; sourceTree = "<group>"; };
		8D211941150C531B0005DAC1 /* myLike_white.png */ = {isa = PBXFileReference; lastKnownFileType = image.png; path = myLike_white.png; sourceTree = "<group>"; };
		8D211946150D22CA0005DAC1 /* CustomAnnotationView.h */ = {isa = PBXFileReference; fileEncoding = 4; lastKnownFileType = sourcecode.c.h; path = CustomAnnotationView.h; sourceTree = "<group>"; };
		8D211947150D22CB0005DAC1 /* CustomAnnotationView.m */ = {isa = PBXFileReference; fileEncoding = 4; lastKnownFileType = sourcecode.c.objc; path = CustomAnnotationView.m; sourceTree = "<group>"; };
		8D211949150D2F4E0005DAC1 /* singleNote.png */ = {isa = PBXFileReference; lastKnownFileType = image.png; path = singleNote.png; sourceTree = "<group>"; };
		8D21194F150D6D3D0005DAC1 /* pinGreen_2x.png */ = {isa = PBXFileReference; lastKnownFileType = image.png; path = pinGreen_2x.png; sourceTree = "<group>"; };
		8D211950150D6D3D0005DAC1 /* pinGreen.png */ = {isa = PBXFileReference; lastKnownFileType = image.png; path = pinGreen.png; sourceTree = "<group>"; };
		8D211951150D6D3D0005DAC1 /* pinPurple_x2.png */ = {isa = PBXFileReference; lastKnownFileType = image.png; path = pinPurple_x2.png; sourceTree = "<group>"; };
		8D211952150D6D3D0005DAC1 /* pinPurple.png */ = {isa = PBXFileReference; lastKnownFileType = image.png; path = pinPurple.png; sourceTree = "<group>"; };
		8D211953150D6D3D0005DAC1 /* pinRed_2x.png */ = {isa = PBXFileReference; lastKnownFileType = image.png; path = pinRed_2x.png; sourceTree = "<group>"; };
		8D211954150D6D3D0005DAC1 /* pinRed.png */ = {isa = PBXFileReference; lastKnownFileType = image.png; path = pinRed.png; sourceTree = "<group>"; };
		8D2E4C6E1540131500A43EAB /* BirthdayViewController.h */ = {isa = PBXFileReference; fileEncoding = 4; lastKnownFileType = sourcecode.c.h; path = BirthdayViewController.h; sourceTree = "<group>"; };
		8D2E4C6F1540131500A43EAB /* BirthdayViewController.m */ = {isa = PBXFileReference; fileEncoding = 4; lastKnownFileType = sourcecode.c.objc; path = BirthdayViewController.m; sourceTree = "<group>"; };
		8D2E4C701540131500A43EAB /* BirthdayViewController.xib */ = {isa = PBXFileReference; fileEncoding = 4; lastKnownFileType = file.xib; path = BirthdayViewController.xib; sourceTree = "<group>"; };
		8D2E4C7315401F9100A43EAB /* SexViewController.h */ = {isa = PBXFileReference; fileEncoding = 4; lastKnownFileType = sourcecode.c.h; path = SexViewController.h; sourceTree = "<group>"; };
		8D2E4C7415401F9100A43EAB /* SexViewController.m */ = {isa = PBXFileReference; fileEncoding = 4; lastKnownFileType = sourcecode.c.objc; path = SexViewController.m; sourceTree = "<group>"; };
		8D2E4C7515401F9100A43EAB /* SexViewController.xib */ = {isa = PBXFileReference; fileEncoding = 4; lastKnownFileType = file.xib; path = SexViewController.xib; sourceTree = "<group>"; };
		8D2E4C9F15412B6D00A43EAB /* GenreViewController.h */ = {isa = PBXFileReference; fileEncoding = 4; lastKnownFileType = sourcecode.c.h; path = GenreViewController.h; sourceTree = "<group>"; };
		8D2E4CA015412B6D00A43EAB /* GenreViewController.m */ = {isa = PBXFileReference; fileEncoding = 4; lastKnownFileType = sourcecode.c.objc; path = GenreViewController.m; sourceTree = "<group>"; };
		8D2E4CA115412B6E00A43EAB /* GenreViewController.xib */ = {isa = PBXFileReference; fileEncoding = 4; lastKnownFileType = file.xib; path = GenreViewController.xib; sourceTree = "<group>"; };
		8D2E4CA415412B8B00A43EAB /* SceneViewController.h */ = {isa = PBXFileReference; fileEncoding = 4; lastKnownFileType = sourcecode.c.h; path = SceneViewController.h; sourceTree = "<group>"; };
		8D2E4CA515412B8B00A43EAB /* SceneViewController.m */ = {isa = PBXFileReference; fileEncoding = 4; lastKnownFileType = sourcecode.c.objc; path = SceneViewController.m; sourceTree = "<group>"; };
		8D2E4CA615412B8B00A43EAB /* SceneViewController.xib */ = {isa = PBXFileReference; fileEncoding = 4; lastKnownFileType = file.xib; path = SceneViewController.xib; sourceTree = "<group>"; };
		8D4E7D861533A21000D07396 /* 14-gear.png */ = {isa = PBXFileReference; lastKnownFileType = image.png; path = "14-gear.png"; sourceTree = "<group>"; };
		8D4E7D911533A44300D07396 /* SettingViewController.h */ = {isa = PBXFileReference; fileEncoding = 4; lastKnownFileType = sourcecode.c.h; path = SettingViewController.h; sourceTree = "<group>"; };
		8D4E7D921533A44300D07396 /* SettingViewController.m */ = {isa = PBXFileReference; fileEncoding = 4; lastKnownFileType = sourcecode.c.objc; path = SettingViewController.m; sourceTree = "<group>"; };
		8D4E7D931533A44300D07396 /* SettingViewController.xib */ = {isa = PBXFileReference; fileEncoding = 4; lastKnownFileType = file.xib; path = SettingViewController.xib; sourceTree = "<group>"; };
		8D5820AE150FDD510065DCDA /* myRepeat_white.png */ = {isa = PBXFileReference; lastKnownFileType = image.png; path = myRepeat_white.png; sourceTree = "<group>"; };
		8D5820B0150FE8110065DCDA /* AlbumViewController.h */ = {isa = PBXFileReference; fileEncoding = 4; lastKnownFileType = sourcecode.c.h; path = AlbumViewController.h; sourceTree = "<group>"; };
		8D5820B1150FE8110065DCDA /* AlbumViewController.m */ = {isa = PBXFileReference; fileEncoding = 4; lastKnownFileType = sourcecode.c.objc; path = AlbumViewController.m; sourceTree = "<group>"; };
		8D5820B3150FE8200065DCDA /* AlbumViewController.xib */ = {isa = PBXFileReference; fileEncoding = 4; lastKnownFileType = file.xib; path = AlbumViewController.xib; sourceTree = "<group>"; };
		8DA5CF73150BBFEF00CF90CE /* myRepeat_blue_01.png */ = {isa = PBXFileReference; lastKnownFileType = image.png; name = myRepeat_blue_01.png; path = ../../../../../../SystemTOGA/img/myIcon/saurce/myRepeat/ok/myRepeat_blue_01.png; sourceTree = "<group>"; };
		8DA5CF74150BBFEF00CF90CE /* myRepeat_blue_02.png */ = {isa = PBXFileReference; lastKnownFileType = image.png; name = myRepeat_blue_02.png; path = ../../../../../../SystemTOGA/img/myIcon/saurce/myRepeat/ok/myRepeat_blue_02.png; sourceTree = "<group>"; };
		8DA5CF75150BBFEF00CF90CE /* myRepeat_white.png */ = {isa = PBXFileReference; lastKnownFileType = image.png; name = myRepeat_white.png; path = ../../../../../../SystemTOGA/img/myIcon/saurce/myRepeat/ok/myRepeat_white.png; sourceTree = "<group>"; };
		8DA5CF7F150BEF7900CF90CE /* 05-shuffle@2x.png */ = {isa = PBXFileReference; lastKnownFileType = image.png; path = "05-shuffle@2x.png"; sourceTree = "<group>"; };
		8DE97C94150688EB00154D2F /* Music Earth.app */ = {isa = PBXFileReference; explicitFileType = wrapper.application; includeInIndex = 0; path = "Music Earth.app"; sourceTree = BUILT_PRODUCTS_DIR; };
		8DE97C98150688EB00154D2F /* UIKit.framework */ = {isa = PBXFileReference; lastKnownFileType = wrapper.framework; name = UIKit.framework; path = System/Library/Frameworks/UIKit.framework; sourceTree = SDKROOT; };
		8DE97C9A150688EB00154D2F /* Foundation.framework */ = {isa = PBXFileReference; lastKnownFileType = wrapper.framework; name = Foundation.framework; path = System/Library/Frameworks/Foundation.framework; sourceTree = SDKROOT; };
		8DE97C9C150688EB00154D2F /* CoreGraphics.framework */ = {isa = PBXFileReference; lastKnownFileType = wrapper.framework; name = CoreGraphics.framework; path = System/Library/Frameworks/CoreGraphics.framework; sourceTree = SDKROOT; };
		8DE97CA0150688EB00154D2F /* Music Earth-Info.plist */ = {isa = PBXFileReference; lastKnownFileType = text.plist.xml; path = "Music Earth-Info.plist"; sourceTree = "<group>"; };
		8DE97CA2150688EB00154D2F /* en */ = {isa = PBXFileReference; lastKnownFileType = text.plist.strings; name = en; path = en.lproj/InfoPlist.strings; sourceTree = "<group>"; };
		8DE97CA4150688EB00154D2F /* main.m */ = {isa = PBXFileReference; lastKnownFileType = sourcecode.c.objc; path = main.m; sourceTree = "<group>"; };
		8DE97CA6150688EB00154D2F /* Music Earth-Prefix.pch */ = {isa = PBXFileReference; lastKnownFileType = sourcecode.c.h; path = "Music Earth-Prefix.pch"; sourceTree = "<group>"; };
		8DE97CA7150688EB00154D2F /* Music_EarthAppDelegate.h */ = {isa = PBXFileReference; lastKnownFileType = sourcecode.c.h; path = Music_EarthAppDelegate.h; sourceTree = "<group>"; };
		8DE97CA8150688EB00154D2F /* Music_EarthAppDelegate.m */ = {isa = PBXFileReference; lastKnownFileType = sourcecode.c.objc; path = Music_EarthAppDelegate.m; sourceTree = "<group>"; };
		8DE97CAB150688EB00154D2F /* en */ = {isa = PBXFileReference; lastKnownFileType = file.storyboard; name = en; path = en.lproj/MainStoryboard.storyboard; sourceTree = "<group>"; };
		8DE97CAD150688EB00154D2F /* Music_EarthViewController.h */ = {isa = PBXFileReference; lastKnownFileType = sourcecode.c.h; path = Music_EarthViewController.h; sourceTree = "<group>"; };
		8DE97CAE150688EB00154D2F /* Music_EarthViewController.m */ = {isa = PBXFileReference; lastKnownFileType = sourcecode.c.objc; path = Music_EarthViewController.m; sourceTree = "<group>"; tabWidth = 4; };
		8DE97CB915068A9800154D2F /* CoreLocation.framework */ = {isa = PBXFileReference; lastKnownFileType = wrapper.framework; name = CoreLocation.framework; path = System/Library/Frameworks/CoreLocation.framework; sourceTree = SDKROOT; };
		8DE97CBB15068AA100154D2F /* MapKit.framework */ = {isa = PBXFileReference; lastKnownFileType = wrapper.framework; name = MapKit.framework; path = System/Library/Frameworks/MapKit.framework; sourceTree = SDKROOT; };
		8DE97CBD15068AB500154D2F /* MediaPlayer.framework */ = {isa = PBXFileReference; lastKnownFileType = wrapper.framework; name = MediaPlayer.framework; path = System/Library/Frameworks/MediaPlayer.framework; sourceTree = SDKROOT; };
		8DE97CBF150691BB00154D2F /* 193-location-arrow.png */ = {isa = PBXFileReference; lastKnownFileType = image.png; path = "193-location-arrow.png"; sourceTree = "<group>"; };
		8DE97CC11506926200154D2F /* music_2@2x_grey_50x50.png */ = {isa = PBXFileReference; lastKnownFileType = image.png; path = "music_2@2x_grey_50x50.png"; sourceTree = "<group>"; };
		8DE97CC3150693EE00154D2F /* thumbs_up.png */ = {isa = PBXFileReference; lastKnownFileType = image.png; path = thumbs_up.png; sourceTree = "<group>"; };
		8DE97CC51506942500154D2F /* back_x2.png */ = {isa = PBXFileReference; lastKnownFileType = image.png; path = back_x2.png; sourceTree = "<group>"; };
		8DE97CC71506947500154D2F /* pause_x2.png */ = {isa = PBXFileReference; lastKnownFileType = image.png; path = pause_x2.png; sourceTree = "<group>"; };
		8DE97CC9150694BB00154D2F /* play_x2.png */ = {isa = PBXFileReference; lastKnownFileType = image.png; path = play_x2.png; sourceTree = "<group>"; };
		8DE97CCB1506950600154D2F /* next_x2.png */ = {isa = PBXFileReference; lastKnownFileType = image.png; path = next_x2.png; sourceTree = "<group>"; };
		8DE97CCD1506954900154D2F /* thumbs_down.png */ = {isa = PBXFileReference; lastKnownFileType = image.png; path = thumbs_down.png; sourceTree = "<group>"; };
		8DE97CD61506AC0D00154D2F /* SimpleAnnotation.h */ = {isa = PBXFileReference; fileEncoding = 4; lastKnownFileType = sourcecode.c.h; path = SimpleAnnotation.h; sourceTree = "<group>"; };
		8DE97CD71506AC0D00154D2F /* SimpleAnnotation.m */ = {isa = PBXFileReference; fileEncoding = 4; lastKnownFileType = sourcecode.c.objc; path = SimpleAnnotation.m; sourceTree = "<group>"; };
		8DE97CDD1506BD4A00154D2F /* myCircle.png */ = {isa = PBXFileReference; lastKnownFileType = image.png; path = myCircle.png; sourceTree = "<group>"; };
		8DE97CDF1506BF1F00154D2F /* myCircleLine.png */ = {isa = PBXFileReference; lastKnownFileType = image.png; path = myCircleLine.png; sourceTree = "<group>"; };
		8DE97CE11506C07600154D2F /* 193-location-arrow@2x.png */ = {isa = PBXFileReference; lastKnownFileType = image.png; path = "193-location-arrow@2x.png"; sourceTree = "<group>"; };
		8DE97CE31506C12500154D2F /* myCircleLine2.png */ = {isa = PBXFileReference; lastKnownFileType = image.png; path = myCircleLine2.png; sourceTree = "<group>"; };
		8DE97CE51506C56600154D2F /* Default@2x.png */ = {isa = PBXFileReference; lastKnownFileType = image.png; name = "Default@2x.png"; path = "../Default@2x.png"; sourceTree = "<group>"; };
		8DE97CE71506C69200154D2F /* MusicEarth4iPhoneRetinaBlack.png */ = {isa = PBXFileReference; lastKnownFileType = image.png; name = MusicEarth4iPhoneRetinaBlack.png; path = ../MusicEarth4iPhoneRetinaBlack.png; sourceTree = "<group>"; };
		8DE97CE91506C7DB00154D2F /* Default.png */ = {isa = PBXFileReference; lastKnownFileType = image.png; name = Default.png; path = ../Default.png; sourceTree = "<group>"; };
		8DE97CEB1506C81100154D2F /* MusicEarth4iPhoneNotRetinaBlack.png */ = {isa = PBXFileReference; lastKnownFileType = image.png; name = MusicEarth4iPhoneNotRetinaBlack.png; path = ../MusicEarth4iPhoneNotRetinaBlack.png; sourceTree = "<group>"; };
		8DEB8DBB1532383C00C10978 /* AudioToolbox.framework */ = {isa = PBXFileReference; lastKnownFileType = wrapper.framework; name = AudioToolbox.framework; path = System/Library/Frameworks/AudioToolbox.framework; sourceTree = SDKROOT; };
		8DEB8DC715325A9000C10978 /* 10-microphone@2x.png */ = {isa = PBXFileReference; lastKnownFileType = image.png; path = "10-microphone@2x.png"; sourceTree = "<group>"; };
		8DEB8DF015339F7700C10978 /* 10-microphone@2x_highlight.png */ = {isa = PBXFileReference; lastKnownFileType = image.png; path = "10-microphone@2x_highlight.png"; sourceTree = "<group>"; };
		8DEB8DF215339FD100C10978 /* 14-gear@2x.png */ = {isa = PBXFileReference; lastKnownFileType = image.png; path = "14-gear@2x.png"; sourceTree = "<group>"; };
/* End PBXFileReference section */

/* Begin PBXFrameworksBuildPhase section */
		8DE97C91150688EB00154D2F /* Frameworks */ = {
			isa = PBXFrameworksBuildPhase;
			buildActionMask = 2147483647;
			files = (
				8DEB8DBC1532383C00C10978 /* AudioToolbox.framework in Frameworks */,
				8DE97CBE15068AB500154D2F /* MediaPlayer.framework in Frameworks */,
				8DE97CBC15068AA100154D2F /* MapKit.framework in Frameworks */,
				8DE97CBA15068A9800154D2F /* CoreLocation.framework in Frameworks */,
				8DE97C99150688EB00154D2F /* UIKit.framework in Frameworks */,
				8DE97C9B150688EB00154D2F /* Foundation.framework in Frameworks */,
				8DE97C9D150688EB00154D2F /* CoreGraphics.framework in Frameworks */,
			);
			runOnlyForDeploymentPostprocessing = 0;
		};
/* End PBXFrameworksBuildPhase section */

/* Begin PBXGroup section */
		8DE97C89150688EB00154D2F = {
			isa = PBXGroup;
			children = (
				8DEB8DBB1532383C00C10978 /* AudioToolbox.framework */,
				8DE97CBD15068AB500154D2F /* MediaPlayer.framework */,
				8DE97CBB15068AA100154D2F /* MapKit.framework */,
				8DE97CB915068A9800154D2F /* CoreLocation.framework */,
				8DE97C9E150688EB00154D2F /* Music Earth */,
				8DE97C97150688EB00154D2F /* Frameworks */,
				8DE97C95150688EB00154D2F /* Products */,
			);
			sourceTree = "<group>";
		};
		8DE97C95150688EB00154D2F /* Products */ = {
			isa = PBXGroup;
			children = (
				8DE97C94150688EB00154D2F /* Music Earth.app */,
			);
			name = Products;
			sourceTree = "<group>";
		};
		8DE97C97150688EB00154D2F /* Frameworks */ = {
			isa = PBXGroup;
			children = (
				8DE97C98150688EB00154D2F /* UIKit.framework */,
				8DE97C9A150688EB00154D2F /* Foundation.framework */,
				8DE97C9C150688EB00154D2F /* CoreGraphics.framework */,
			);
			name = Frameworks;
			sourceTree = "<group>";
		};
		8DE97C9E150688EB00154D2F /* Music Earth */ = {
			isa = PBXGroup;
			children = (
				8DE97CAA150688EB00154D2F /* MainStoryboard.storyboard */,
				8DE97CA7150688EB00154D2F /* Music_EarthAppDelegate.h */,
				8DE97CA8150688EB00154D2F /* Music_EarthAppDelegate.m */,
				8DE97CAD150688EB00154D2F /* Music_EarthViewController.h */,
				8DE97CAE150688EB00154D2F /* Music_EarthViewController.m */,
				8DE97CD61506AC0D00154D2F /* SimpleAnnotation.h */,
				8DE97CD71506AC0D00154D2F /* SimpleAnnotation.m */,
				8D211946150D22CA0005DAC1 /* CustomAnnotationView.h */,
				8D211947150D22CB0005DAC1 /* CustomAnnotationView.m */,
				8DE97C9F150688EB00154D2F /* Supporting Files */,
				8D5820B0150FE8110065DCDA /* AlbumViewController.h */,
				8D5820B1150FE8110065DCDA /* AlbumViewController.m */,
				8D5820B3150FE8200065DCDA /* AlbumViewController.xib */,
				8D4E7D911533A44300D07396 /* SettingViewController.h */,
				8D4E7D921533A44300D07396 /* SettingViewController.m */,
				8D4E7D931533A44300D07396 /* SettingViewController.xib */,
				8D2E4C6E1540131500A43EAB /* BirthdayViewController.h */,
				8D2E4C6F1540131500A43EAB /* BirthdayViewController.m */,
				8D2E4C701540131500A43EAB /* BirthdayViewController.xib */,
				8D2E4C7315401F9100A43EAB /* SexViewController.h */,
				8D2E4C7415401F9100A43EAB /* SexViewController.m */,
				8D2E4C7515401F9100A43EAB /* SexViewController.xib */,
				8D2E4C9F15412B6D00A43EAB /* GenreViewController.h */,
				8D2E4CA015412B6D00A43EAB /* GenreViewController.m */,
				8D2E4CA115412B6E00A43EAB /* GenreViewController.xib */,
				8D2E4CA415412B8B00A43EAB /* SceneViewController.h */,
				8D2E4CA515412B8B00A43EAB /* SceneViewController.m */,
				8D2E4CA615412B8B00A43EAB /* SceneViewController.xib */,
			);
			path = "Music Earth";
			sourceTree = "<group>";
		};
		8DE97C9F150688EB00154D2F /* Supporting Files */ = {
			isa = PBXGroup;
			children = (
				8D4E7D861533A21000D07396 /* 14-gear.png */,
				8DEB8DF215339FD100C10978 /* 14-gear@2x.png */,
				8DEB8DC715325A9000C10978 /* 10-microphone@2x.png */,
				8D5820AE150FDD510065DCDA /* myRepeat_white.png */,
				8DE97CEB1506C81100154D2F /* MusicEarth4iPhoneNotRetinaBlack.png */,
				8DEB8DF015339F7700C10978 /* 10-microphone@2x_highlight.png */,
				8DE97CE91506C7DB00154D2F /* Default.png */,
				8DE97CE51506C56600154D2F /* Default@2x.png */,
				8DE97CE71506C69200154D2F /* MusicEarth4iPhoneRetinaBlack.png */,
				8D21194F150D6D3D0005DAC1 /* pinGreen_2x.png */,
				8D211950150D6D3D0005DAC1 /* pinGreen.png */,
				8D211951150D6D3D0005DAC1 /* pinPurple_x2.png */,
				8D211952150D6D3D0005DAC1 /* pinPurple.png */,
				8D211953150D6D3D0005DAC1 /* pinRed_2x.png */,
				8D211954150D6D3D0005DAC1 /* pinRed.png */,
				8D211949150D2F4E0005DAC1 /* singleNote.png */,
				8D21193E150C531B0005DAC1 /* myDislike_blue.png */,
				8D21193F150C531B0005DAC1 /* myDislike_white.png */,
				8D211940150C531B0005DAC1 /* myLike_blue.png */,
				8D211941150C531B0005DAC1 /* myLike_white.png */,
				8D21193A150C40F30005DAC1 /* myShuffle_blue.png */,
				8D21193B150C40F30005DAC1 /* myShuffle_white.png */,
				8D211934150C40D60005DAC1 /* myRepeat_blue.png */,
				8D211936150C40D60005DAC1 /* myRepeatOne.png */,
				8DA5CF7F150BEF7900CF90CE /* 05-shuffle@2x.png */,
				8DA5CF73150BBFEF00CF90CE /* myRepeat_blue_01.png */,
				8DA5CF74150BBFEF00CF90CE /* myRepeat_blue_02.png */,
				8DA5CF75150BBFEF00CF90CE /* myRepeat_white.png */,
				8DE97CC51506942500154D2F /* back_x2.png */,
				8DE97CC3150693EE00154D2F /* thumbs_up.png */,
				8DE97CCD1506954900154D2F /* thumbs_down.png */,
				8DE97CDD1506BD4A00154D2F /* myCircle.png */,
				8DE97CC9150694BB00154D2F /* play_x2.png */,
				8DE97CE11506C07600154D2F /* 193-location-arrow@2x.png */,
				8DE97CE31506C12500154D2F /* myCircleLine2.png */,
				8DE97CDF1506BF1F00154D2F /* myCircleLine.png */,
				8DE97CCB1506950600154D2F /* next_x2.png */,
				8DE97CC71506947500154D2F /* pause_x2.png */,
				8DE97CC11506926200154D2F /* music_2@2x_grey_50x50.png */,
				8DE97CBF150691BB00154D2F /* 193-location-arrow.png */,
				8DE97CA0150688EB00154D2F /* Music Earth-Info.plist */,
				8DE97CA1150688EB00154D2F /* InfoPlist.strings */,
				8DE97CA4150688EB00154D2F /* main.m */,
				8DE97CA6150688EB00154D2F /* Music Earth-Prefix.pch */,
			);
			name = "Supporting Files";
			sourceTree = "<group>";
		};
/* End PBXGroup section */

/* Begin PBXNativeTarget section */
		8DE97C93150688EB00154D2F /* Music Earth */ = {
			isa = PBXNativeTarget;
			buildConfigurationList = 8DE97CB2150688EB00154D2F /* Build configuration list for PBXNativeTarget "Music Earth" */;
			buildPhases = (
				8DE97C90150688EB00154D2F /* Sources */,
				8DE97C91150688EB00154D2F /* Frameworks */,
				8DE97C92150688EB00154D2F /* Resources */,
			);
			buildRules = (
			);
			dependencies = (
			);
			name = "Music Earth";
			productName = "Music Earth";
			productReference = 8DE97C94150688EB00154D2F /* Music Earth.app */;
			productType = "com.apple.product-type.application";
		};
/* End PBXNativeTarget section */

/* Begin PBXProject section */
		8DE97C8B150688EB00154D2F /* Project object */ = {
			isa = PBXProject;
			attributes = {
				LastUpgradeCheck = 0430;
			};
			buildConfigurationList = 8DE97C8E150688EB00154D2F /* Build configuration list for PBXProject "Music Earth" */;
			compatibilityVersion = "Xcode 3.2";
			developmentRegion = English;
			hasScannedForEncodings = 0;
			knownRegions = (
				en,
			);
			mainGroup = 8DE97C89150688EB00154D2F;
			productRefGroup = 8DE97C95150688EB00154D2F /* Products */;
			projectDirPath = "";
			projectRoot = "";
			targets = (
				8DE97C93150688EB00154D2F /* Music Earth */,
			);
		};
/* End PBXProject section */

/* Begin PBXResourcesBuildPhase section */
		8DE97C92150688EB00154D2F /* Resources */ = {
			isa = PBXResourcesBuildPhase;
			buildActionMask = 2147483647;
			files = (
				8DE97CA3150688EB00154D2F /* InfoPlist.strings in Resources */,
				8DE97CAC150688EB00154D2F /* MainStoryboard.storyboard in Resources */,
				8DE97CC0150691BB00154D2F /* 193-location-arrow.png in Resources */,
				8DE97CC21506926200154D2F /* music_2@2x_grey_50x50.png in Resources */,
				8DE97CC4150693EE00154D2F /* thumbs_up.png in Resources */,
				8DE97CC61506942500154D2F /* back_x2.png in Resources */,
				8DE97CC81506947500154D2F /* pause_x2.png in Resources */,
				8DE97CCA150694BB00154D2F /* play_x2.png in Resources */,
				8DE97CCC1506950600154D2F /* next_x2.png in Resources */,
				8DE97CCE1506954900154D2F /* thumbs_down.png in Resources */,
				8DE97CDE1506BD4A00154D2F /* myCircle.png in Resources */,
				8DE97CE01506BF1F00154D2F /* myCircleLine.png in Resources */,
				8DE97CE21506C07600154D2F /* 193-location-arrow@2x.png in Resources */,
				8DE97CE41506C12500154D2F /* myCircleLine2.png in Resources */,
				8DE97CE61506C56600154D2F /* Default@2x.png in Resources */,
				8DE97CE81506C69200154D2F /* MusicEarth4iPhoneRetinaBlack.png in Resources */,
				8DE97CEA1506C7DB00154D2F /* Default.png in Resources */,
				8DE97CEC1506C81100154D2F /* MusicEarth4iPhoneNotRetinaBlack.png in Resources */,
				8DA5CF76150BBFEF00CF90CE /* myRepeat_blue_01.png in Resources */,
				8DA5CF77150BBFEF00CF90CE /* myRepeat_blue_02.png in Resources */,
				8DA5CF78150BBFEF00CF90CE /* myRepeat_white.png in Resources */,
				8DA5CF80150BEF7900CF90CE /* 05-shuffle@2x.png in Resources */,
				8D211937150C40D60005DAC1 /* myRepeat_blue.png in Resources */,
				8D211939150C40D60005DAC1 /* myRepeatOne.png in Resources */,
				8D21193C150C40F30005DAC1 /* myShuffle_blue.png in Resources */,
				8D21193D150C40F30005DAC1 /* myShuffle_white.png in Resources */,
				8D211942150C531B0005DAC1 /* myDislike_blue.png in Resources */,
				8D211943150C531B0005DAC1 /* myDislike_white.png in Resources */,
				8D211944150C531B0005DAC1 /* myLike_blue.png in Resources */,
				8D211945150C531B0005DAC1 /* myLike_white.png in Resources */,
				8D21194A150D2F4E0005DAC1 /* singleNote.png in Resources */,
				8D211955150D6D3D0005DAC1 /* pinGreen_2x.png in Resources */,
				8D211956150D6D3D0005DAC1 /* pinGreen.png in Resources */,
				8D211957150D6D3D0005DAC1 /* pinPurple_x2.png in Resources */,
				8D211958150D6D3D0005DAC1 /* pinPurple.png in Resources */,
				8D211959150D6D3D0005DAC1 /* pinRed_2x.png in Resources */,
				8D21195A150D6D3D0005DAC1 /* pinRed.png in Resources */,
				8D5820AF150FDD510065DCDA /* myRepeat_white.png in Resources */,
				8D5820B4150FE8200065DCDA /* AlbumViewController.xib in Resources */,
				8DEB8DC815325A9100C10978 /* 10-microphone@2x.png in Resources */,
				8DEB8DF115339F7700C10978 /* 10-microphone@2x_highlight.png in Resources */,
				8DEB8DF315339FD200C10978 /* 14-gear@2x.png in Resources */,
				8D4E7D871533A21000D07396 /* 14-gear.png in Resources */,
				8D4E7D951533A44300D07396 /* SettingViewController.xib in Resources */,
				8D2E4C721540131500A43EAB /* BirthdayViewController.xib in Resources */,
				8D2E4C7715401F9100A43EAB /* SexViewController.xib in Resources */,
				8D2E4CA315412B6E00A43EAB /* GenreViewController.xib in Resources */,
				8D2E4CA815412B8B00A43EAB /* SceneViewController.xib in Resources */,
			);
			runOnlyForDeploymentPostprocessing = 0;
		};
/* End PBXResourcesBuildPhase section */

/* Begin PBXSourcesBuildPhase section */
		8DE97C90150688EB00154D2F /* Sources */ = {
			isa = PBXSourcesBuildPhase;
			buildActionMask = 2147483647;
			files = (
				8DE97CA5150688EB00154D2F /* main.m in Sources */,
				8DE97CA9150688EB00154D2F /* Music_EarthAppDelegate.m in Sources */,
				8DE97CAF150688EB00154D2F /* Music_EarthViewController.m in Sources */,
				8DE97CD81506AC0D00154D2F /* SimpleAnnotation.m in Sources */,
				8D211948150D22CB0005DAC1 /* CustomAnnotationView.m in Sources */,
				8D5820B2150FE8110065DCDA /* AlbumViewController.m in Sources */,
				8D4E7D941533A44300D07396 /* SettingViewController.m in Sources */,
				8D2E4C711540131500A43EAB /* BirthdayViewController.m in Sources */,
				8D2E4C7615401F9100A43EAB /* SexViewController.m in Sources */,
				8D2E4CA215412B6E00A43EAB /* GenreViewController.m in Sources */,
				8D2E4CA715412B8B00A43EAB /* SceneViewController.m in Sources */,
			);
			runOnlyForDeploymentPostprocessing = 0;
		};
/* End PBXSourcesBuildPhase section */

/* Begin PBXVariantGroup section */
		8DE97CA1150688EB00154D2F /* InfoPlist.strings */ = {
			isa = PBXVariantGroup;
			children = (
				8DE97CA2150688EB00154D2F /* en */,
			);
			name = InfoPlist.strings;
			sourceTree = "<group>";
		};
		8DE97CAA150688EB00154D2F /* MainStoryboard.storyboard */ = {
			isa = PBXVariantGroup;
			children = (
				8DE97CAB150688EB00154D2F /* en */,
			);
			name = MainStoryboard.storyboard;
			sourceTree = "<group>";
		};
/* End PBXVariantGroup section */

/* Begin XCBuildConfiguration section */
		8DE97CB0150688EB00154D2F /* Debug */ = {
			isa = XCBuildConfiguration;
			buildSettings = {
				ALWAYS_SEARCH_USER_PATHS = NO;
				ARCHS = "$(ARCHS_STANDARD_32_BIT)";
				"CODE_SIGN_IDENTITY[sdk=iphoneos*]" = "iPhone Developer";
				COPY_PHASE_STRIP = NO;
				GCC_C_LANGUAGE_STANDARD = gnu99;
				GCC_DYNAMIC_NO_PIC = NO;
				GCC_OPTIMIZATION_LEVEL = 0;
				GCC_PREPROCESSOR_DEFINITIONS = (
					"DEBUG=1",
					"$(inherited)",
				);
				GCC_SYMBOLS_PRIVATE_EXTERN = NO;
				GCC_VERSION = com.apple.compilers.llvm.clang.1_0;
				GCC_WARN_ABOUT_MISSING_PROTOTYPES = YES;
				GCC_WARN_ABOUT_RETURN_TYPE = YES;
				GCC_WARN_UNUSED_VARIABLE = YES;
				IPHONEOS_DEPLOYMENT_TARGET = 5.0;
				SDKROOT = iphoneos;
			};
			name = Debug;
		};
		8DE97CB1150688EB00154D2F /* Release */ = {
			isa = XCBuildConfiguration;
			buildSettings = {
				ALWAYS_SEARCH_USER_PATHS = NO;
				ARCHS = "$(ARCHS_STANDARD_32_BIT)";
				"CODE_SIGN_IDENTITY[sdk=iphoneos*]" = "iPhone Developer";
				COPY_PHASE_STRIP = YES;
				GCC_C_LANGUAGE_STANDARD = gnu99;
				GCC_VERSION = com.apple.compilers.llvm.clang.1_0;
				GCC_WARN_ABOUT_MISSING_PROTOTYPES = YES;
				GCC_WARN_ABOUT_RETURN_TYPE = YES;
				GCC_WARN_UNUSED_VARIABLE = YES;
				IPHONEOS_DEPLOYMENT_TARGET = 5.0;
				OTHER_CFLAGS = "-DNS_BLOCK_ASSERTIONS=1";
				SDKROOT = iphoneos;
				VALIDATE_PRODUCT = YES;
			};
			name = Release;
		};
		8DE97CB3150688EB00154D2F /* Debug */ = {
			isa = XCBuildConfiguration;
			buildSettings = {
				GCC_PRECOMPILE_PREFIX_HEADER = YES;
				GCC_PREFIX_HEADER = "Music Earth/Music Earth-Prefix.pch";
				INFOPLIST_FILE = "Music Earth/Music Earth-Info.plist";
				PRODUCT_NAME = "$(TARGET_NAME)";
				WRAPPER_EXTENSION = app;
			};
			name = Debug;
		};
		8DE97CB4150688EB00154D2F /* Release */ = {
			isa = XCBuildConfiguration;
			buildSettings = {
				GCC_PRECOMPILE_PREFIX_HEADER = YES;
				GCC_PREFIX_HEADER = "Music Earth/Music Earth-Prefix.pch";
				INFOPLIST_FILE = "Music Earth/Music Earth-Info.plist";
				PRODUCT_NAME = "$(TARGET_NAME)";
				WRAPPER_EXTENSION = app;
			};
			name = Release;
		};
/* End XCBuildConfiguration section */

/* Begin XCConfigurationList section */
		8DE97C8E150688EB00154D2F /* Build configuration list for PBXProject "Music Earth" */ = {
			isa = XCConfigurationList;
			buildConfigurations = (
				8DE97CB0150688EB00154D2F /* Debug */,
				8DE97CB1150688EB00154D2F /* Release */,
			);
			defaultConfigurationIsVisible = 0;
			defaultConfigurationName = Release;
		};
		8DE97CB2150688EB00154D2F /* Build configuration list for PBXNativeTarget "Music Earth" */ = {
			isa = XCConfigurationList;
			buildConfigurations = (
				8DE97CB3150688EB00154D2F /* Debug */,
				8DE97CB4150688EB00154D2F /* Release */,
			);
			defaultConfigurationIsVisible = 0;
			defaultConfigurationName = Release;
		};
/* End XCConfigurationList section */
	};
	rootObject = 8DE97C8B150688EB00154D2F /* Project object */;
}
